
Microsoft Visual Studio Solution File, Format Version 12.00
# Visual Studio Version 17
VisualStudioVersion = 17.9.34622.214
MinimumVisualStudioVersion = 10.0.40219.1
Project("{9A19103F-16F7-4668-BE54-9A1E7A4F7556}") = "InventoryManagementSystem", "InventoryManagementSystem.csproj", "{78F5FDBD-8247-427C-A7DC-31C842967BD9}"
EndProject
Project("{FAE04EC0-301F-11D3-BF4B-00C04F79EFBC}") = "InventoryManagementSystem_MongoDB", "InventoryManagementSystem_MongoDB\InventoryManagementSystem_MongoDB.csproj", "{B935E60A-0B4D-4946-A270-E224E6757463}"
EndProject
Global
	GlobalSection(SolutionConfigurationPlatforms) = preSolution
		Debug|Any CPU = Debug|Any CPU
		Release|Any CPU = Release|Any CPU
	EndGlobalSection
	GlobalSection(ProjectConfigurationPlatforms) = postSolution
		{78F5FDBD-8247-427C-A7DC-31C842967BD9}.Debug|Any CPU.ActiveCfg = Debug|Any CPU
		{78F5FDBD-8247-427C-A7DC-31C842967BD9}.Debug|Any CPU.Build.0 = Debug|Any CPU
		{78F5FDBD-8247-427C-A7DC-31C842967BD9}.Release|Any CPU.ActiveCfg = Release|Any CPU
		{78F5FDBD-8247-427C-A7DC-31C842967BD9}.Release|Any CPU.Build.0 = Release|Any CPU
		{B935E60A-0B4D-4946-A270-E224E6757463}.Debug|Any CPU.ActiveCfg = Debug|Any CPU
		{B935E60A-0B4D-4946-A270-E224E6757463}.Debug|Any CPU.Build.0 = Debug|Any CPU
		{B935E60A-0B4D-4946-A270-E224E6757463}.Release|Any CPU.ActiveCfg = Release|Any CPU
		{B935E60A-0B4D-4946-A270-E224E6757463}.Release|Any CPU.Build.0 = Release|Any CPU
	EndGlobalSection
	GlobalSection(SolutionProperties) = preSolution
		HideSolutionNode = FALSE
	EndGlobalSection
	GlobalSection(ExtensibilityGlobals) = postSolution
		SolutionGuid = {8FF4D695-1650-42DF-AF15-1C4C29317956}
	EndGlobalSection
EndGlobal
